
Microsoft Visual Studio Solution File, Format Version 12.00
# Visual Studio Version 17
VisualStudioVersion = 17.11.35222.181
MinimumVisualStudioVersion = 10.0.40219.1
Project("{FAE04EC0-301F-11D3-BF4B-00C04F79EFBC}") = "DataCollection.Client", "DataCollection.Client.csproj", "{CC5D064F-A2D2-4EA4-8D0C-E2BF67C6739C}"
EndProject
Global
	GlobalSection(SolutionConfigurationPlatforms) = preSolution
		Debug|Any CPU = Debug|Any CPU
		Release|Any CPU = Release|Any CPU
	EndGlobalSection
	GlobalSection(ProjectConfigurationPlatforms) = postSolution
		{CC5D064F-A2D2-4EA4-8D0C-E2BF67C6739C}.Debug|Any CPU.ActiveCfg = Debug|Any CPU
		{CC5D064F-A2D2-4EA4-8D0C-E2BF67C6739C}.Debug|Any CPU.Build.0 = Debug|Any CPU
		{CC5D064F-A2D2-4EA4-8D0C-E2BF67C6739C}.Release|Any CPU.ActiveCfg = Release|Any CPU
		{CC5D064F-A2D2-4EA4-8D0C-E2BF67C6739C}.Release|Any CPU.Build.0 = Release|Any CPU
	EndGlobalSection
	GlobalSection(SolutionProperties) = preSolution
		HideSolutionNode = FALSE
	EndGlobalSection
	GlobalSection(ExtensibilityGlobals) = postSolution
		SolutionGuid = {FDBAFACB-BD26-4F20-BB7D-B9E62E388A3A}
	EndGlobalSection
EndGlobal
